
Microsoft Visual Studio Solution File, Format Version 12.00
# Visual Studio Version 16
VisualStudioVersion = 16.0.30330.147
MinimumVisualStudioVersion = 10.0.40219.1
Project("{888888A0-9F3D-457C-B088-3A5042F75D52}") = "pneumonia", "pneumonia\pneumonia.pyproj", "{B08B268E-577A-4B7B-8FD1-83A1E55F8A3A}"
EndProject
Project("{888888A0-9F3D-457C-B088-3A5042F75D52}") = "coronary_calcium", "coronary_calcium\coronary_calcium.pyproj", "{E8DB62A6-FB60-429C-866B-57F455A066F7}"
EndProject
Global
	GlobalSection(SolutionConfigurationPlatforms) = preSolution
		Debug|Any CPU = Debug|Any CPU
		Release|Any CPU = Release|Any CPU
	EndGlobalSection
	GlobalSection(ProjectConfigurationPlatforms) = postSolution
		{B08B268E-577A-4B7B-8FD1-83A1E55F8A3A}.Debug|Any CPU.ActiveCfg = Debug|Any CPU
		{B08B268E-577A-4B7B-8FD1-83A1E55F8A3A}.Release|Any CPU.ActiveCfg = Release|Any CPU
		{E8DB62A6-FB60-429C-866B-57F455A066F7}.Debug|Any CPU.ActiveCfg = Debug|Any CPU
		{E8DB62A6-FB60-429C-866B-57F455A066F7}.Release|Any CPU.ActiveCfg = Release|Any CPU
	EndGlobalSection
	GlobalSection(SolutionProperties) = preSolution
		HideSolutionNode = FALSE
	EndGlobalSection
	GlobalSection(ExtensibilityGlobals) = postSolution
		SolutionGuid = {BD1D17E7-27B2-4340-B44E-9D01548296F2}
	EndGlobalSection
EndGlobal
